
Microsoft Visual Studio Solution File, Format Version 12.00
# Visual Studio Version 17
VisualStudioVersion = 17.7.34221.43
MinimumVisualStudioVersion = 10.0.40219.1
Project("{FAE04EC0-301F-11D3-BF4B-00C04F79EFBC}") = "MauiSqliteDemo", "MauiSqliteDemo.csproj", "{693CF4BF-0C38-43AC-A59E-837DFBD8E5FB}"
EndProject
Global
	GlobalSection(SolutionConfigurationPlatforms) = preSolution
		Debug|Any CPU = Debug|Any CPU
		Release|Any CPU = Release|Any CPU
	EndGlobalSection
	GlobalSection(ProjectConfigurationPlatforms) = postSolution
		{693CF4BF-0C38-43AC-A59E-837DFBD8E5FB}.Debug|Any CPU.ActiveCfg = Debug|Any CPU
		{693CF4BF-0C38-43AC-A59E-837DFBD8E5FB}.Debug|Any CPU.Build.0 = Debug|Any CPU
		{693CF4BF-0C38-43AC-A59E-837DFBD8E5FB}.Debug|Any CPU.Deploy.0 = Debug|Any CPU
		{693CF4BF-0C38-43AC-A59E-837DFBD8E5FB}.Release|Any CPU.ActiveCfg = Release|Any CPU
		{693CF4BF-0C38-43AC-A59E-837DFBD8E5FB}.Release|Any CPU.Build.0 = Release|Any CPU
		{693CF4BF-0C38-43AC-A59E-837DFBD8E5FB}.Release|Any CPU.Deploy.0 = Release|Any CPU
	EndGlobalSection
	GlobalSection(SolutionProperties) = preSolution
		HideSolutionNode = FALSE
	EndGlobalSection
	GlobalSection(ExtensibilityGlobals) = postSolution
		SolutionGuid = {6ECAEEC5-6671-481C-9728-55CF4C995B4A}
	EndGlobalSection
EndGlobal
